{
  "name": "logoWeb",
  "lockfileVersion": 3,
  "requires": true,
  "packages": {
    "": {
      "dependencies": {
        "logo": "^0.2.0"
      }
    },
    "node_modules/async": {
      "version": "0.1.22",
      "resolved": "https://registry.npmjs.org/async/-/async-0.1.22.tgz",
      "integrity": "sha512-2tEzliJmf5fHNafNwQLJXUasGzQCVctvsNkXmnlELHwypU0p08/rHohYvkqKIjyXpx+0rkrYv6QbhJ+UF4QkBg==",
      "engines": {
        "node": "*"
      }
    },
    "node_modules/logo": {
      "version": "0.2.0",
      "resolved": "https://registry.npmjs.org/logo/-/logo-0.2.0.tgz",
      "integrity": "sha512-AQvGmS5jQAXTNvtWLec8VKAnrozkRvXRwFlutFXQpstK4Rl4bxPadEPol5cteTZDoUpyQryWvf661sTYJcJgZA==",
      "dependencies": {
        "async": "~0.1.22"
      },
      "engines": {
        "node": ">=0.6"
      }
    }
  }
}
